<?xml version="1.0" encoding="utf-8"?>
<Project xmlns="http://schemas.microsoft.com/developer/msbuild/2003">
  <ItemGroup>
    <Filter Include="Generated Files">
      <UniqueIdentifier>{71ED8ED8-ACB9-4CE9-BBE1-E00B30144E11}</UniqueIdentifier>
      <Extensions>cpp;c;cxx;moc;h;def;odl;idl;res;</Extensions>
    </Filter>
    <Filter Include="Generated Files">
      <UniqueIdentifier>{71ED8ED8-ACB9-4CE9-BBE1-E00B30144E11}</UniqueIdentifier>
      <Extensions>cpp;c;cxx;moc;h;def;odl;idl;res;</Extensions>
    </Filter>
    <Filter Include="Header Files">
      <UniqueIdentifier>{93995380-89BD-4b04-88EB-625FBE52EBFB}</UniqueIdentifier>
      <Extensions>h;hpp;hxx;hm;inl;inc;xsd</Extensions>
    </Filter>
    <Filter Include="Header Files">
      <UniqueIdentifier>{93995380-89BD-4b04-88EB-625FBE52EBFB}</UniqueIdentifier>
      <Extensions>h;hpp;hxx;hm;inl;inc;xsd</Extensions>
    </Filter>
    <Filter Include="Resource Files">
      <UniqueIdentifier>{D9D6E242-F8AF-46E4-B9FD-80ECBC20BA3E}</UniqueIdentifier>
      <Extensions>qrc;*</Extensions>
      <ParseFiles>false</ParseFiles>
    </Filter>
    <Filter Include="Resource Files">
      <UniqueIdentifier>{D9D6E242-F8AF-46E4-B9FD-80ECBC20BA3E}</UniqueIdentifier>
      <Extensions>qrc;*</Extensions>
      <ParseFiles>false</ParseFiles>
    </Filter>
    <Filter Include="Source Files">
      <UniqueIdentifier>{4FC737F1-C7A5-4376-A066-2A32D752A2FF}</UniqueIdentifier>
      <Extensions>cpp;c;cxx;def;odl;idl;hpj;bat;asm;asmx</Extensions>
    </Filter>
    <Filter Include="Source Files">
      <UniqueIdentifier>{4FC737F1-C7A5-4376-A066-2A32D752A2FF}</UniqueIdentifier>
      <Extensions>cpp;c;cxx;def;odl;idl;hpj;bat;asm;asmx</Extensions>
    </Filter>
    <Filter Include="Translation Files">
      <UniqueIdentifier>{639EADAA-A684-42e4-A9AD-28FC9BCB8F7C}</UniqueIdentifier>
      <Extensions>ts;xlf</Extensions>
      <ParseFiles>false</ParseFiles>
    </Filter>
    <Filter Include="Translation Files">
      <UniqueIdentifier>{639EADAA-A684-42e4-A9AD-28FC9BCB8F7C}</UniqueIdentifier>
      <Extensions>ts;xlf</Extensions>
      <ParseFiles>false</ParseFiles>
    </Filter>
  </ItemGroup>
  <ItemGroup>
    <ClCompile Include="centralarea.cpp">
      <Filter>Source Files</Filter>
    </ClCompile>
    <ClCompile Include="cursor.cpp">
      <Filter>Source Files</Filter>
    </ClCompile>
    <ClCompile Include="fancybanner.cpp">
      <Filter>Source Files</Filter>
    </ClCompile>
    <ClCompile Include="fancybar.cpp">
      <Filter>Source Files</Filter>
    </ClCompile>
    <ClCompile Include="fancybutton.cpp">
      <Filter>Source Files</Filter>
    </ClCompile>
    <ClCompile Include="fancydialog.cpp">
      <Filter>Source Files</Filter>
    </ClCompile>
    <ClCompile Include="fancynavbar.cpp">
      <Filter>Source Files</Filter>
    </ClCompile>
    <ClCompile Include="fancynavbutton.cpp">
      <Filter>Source Files</Filter>
    </ClCompile>
    <ClCompile Include="fancytab.cpp">
      <Filter>Source Files</Filter>
    </ClCompile>
    <ClCompile Include="fancytabbar.cpp">
      <Filter>Source Files</Filter>
    </ClCompile>
    <ClCompile Include="fancytabwidget.cpp">
      <Filter>Source Files</Filter>
    </ClCompile>
    <ClCompile Include="fancywindow.cpp">
      <Filter>Source Files</Filter>
    </ClCompile>
    <ClCompile Include="imode.cpp">
      <Filter>Source Files</Filter>
    </ClCompile>
    <ClCompile Include="imodebar.cpp">
      <Filter>Source Files</Filter>
    </ClCompile>
    <ClCompile Include="imodebutton.cpp">
      <Filter>Source Files</Filter>
    </ClCompile>
    <ClCompile Include="minicard.cpp">
      <Filter>Source Files</Filter>
    </ClCompile>
    <ClCompile Include="minisplitter.cpp">
      <Filter>Source Files</Filter>
    </ClCompile>
    <ClCompile Include="ministack.cpp">
      <Filter>Source Files</Filter>
    </ClCompile>
    <ClCompile Include="modemanager.cpp">
      <Filter>Source Files</Filter>
    </ClCompile>
    <ClCompile Include="pagesorter.cpp">
      <Filter>Source Files</Filter>
    </ClCompile>
    <ClCompile Include="qcanpool.cpp">
      <Filter>Source Files</Filter>
    </ClCompile>
    <ClCompile Include="qcanpool_p.cpp">
      <Filter>Source Files</Filter>
    </ClCompile>
    <ClCompile Include="quickaccessbar.cpp">
      <Filter>Source Files</Filter>
    </ClCompile>
    <ClCompile Include="screenhelper.cpp">
      <Filter>Source Files</Filter>
    </ClCompile>
    <ClCompile Include="simplefilter.cpp">
      <Filter>Source Files</Filter>
    </ClCompile>
    <ClCompile Include="skinitem.cpp">
      <Filter>Source Files</Filter>
    </ClCompile>
    <ClCompile Include="tinytabwidget.cpp">
      <Filter>Source Files</Filter>
    </ClCompile>
  </ItemGroup>
  <ItemGroup>
    <CustomBuild Include="centralarea.h">
      <Filter>Header Files</Filter>
    </CustomBuild>
    <ClInclude Include="cursor.h">
      <Filter>Header Files</Filter>
    </ClInclude>
    <CustomBuild Include="fancybanner.h">
      <Filter>Header Files</Filter>
    </CustomBuild>
    <CustomBuild Include="fancybar.h">
      <Filter>Header Files</Filter>
    </CustomBuild>
    <CustomBuild Include="fancybutton.h">
      <Filter>Header Files</Filter>
    </CustomBuild>
    <CustomBuild Include="fancydialog.h">
      <Filter>Header Files</Filter>
    </CustomBuild>
    <CustomBuild Include="fancynavbar.h">
      <Filter>Header Files</Filter>
    </CustomBuild>
    <CustomBuild Include="fancynavbutton.h">
      <Filter>Header Files</Filter>
    </CustomBuild>
    <CustomBuild Include="fancytab.h">
      <Filter>Header Files</Filter>
    </CustomBuild>
    <CustomBuild Include="fancytabbar.h">
      <Filter>Header Files</Filter>
    </CustomBuild>
    <CustomBuild Include="fancytabwidget.h">
      <Filter>Header Files</Filter>
    </CustomBuild>
    <CustomBuild Include="fancywindow.h">
      <Filter>Header Files</Filter>
    </CustomBuild>
    <CustomBuild Include="imode.h">
      <Filter>Header Files</Filter>
    </CustomBuild>
    <CustomBuild Include="imodebar.h">
      <Filter>Header Files</Filter>
    </CustomBuild>
    <CustomBuild Include="imodebar_p.h">
      <Filter>Header Files</Filter>
    </CustomBuild>
    <CustomBuild Include="imodebutton.h">
      <Filter>Header Files</Filter>
    </CustomBuild>
    <CustomBuild Include="minicard.h">
      <Filter>Header Files</Filter>
    </CustomBuild>
    <CustomBuild Include="minisplitter.h">
      <Filter>Header Files</Filter>
    </CustomBuild>
    <CustomBuild Include="ministack.h">
      <Filter>Header Files</Filter>
    </CustomBuild>
    <CustomBuild Include="modemanager.h">
      <Filter>Header Files</Filter>
    </CustomBuild>
    <CustomBuild Include="pagesorter.h">
      <Filter>Header Files</Filter>
    </CustomBuild>
    <ClInclude Include="qcanpool.h">
      <Filter>Header Files</Filter>
    </ClInclude>
    <ClInclude Include="qcanpool_global.h">
      <Filter>Header Files</Filter>
    </ClInclude>
    <ClInclude Include="qcanpool_p.h">
      <Filter>Header Files</Filter>
    </ClInclude>
    <CustomBuild Include="..\..\shared\qtproject_pch.h">
      <Filter>Header Files</Filter>
    </CustomBuild>
    <CustomBuild Include="quickaccessbar.h">
      <Filter>Header Files</Filter>
    </CustomBuild>
    <ClInclude Include="screenhelper.h">
      <Filter>Header Files</Filter>
    </ClInclude>
    <CustomBuild Include="simplefilter.h">
      <Filter>Header Files</Filter>
    </CustomBuild>
    <CustomBuild Include="skinitem.h">
      <Filter>Header Files</Filter>
    </CustomBuild>
    <CustomBuild Include="tinytabwidget.h">
      <Filter>Header Files</Filter>
    </CustomBuild>
  </ItemGroup>
  <ItemGroup>
    <CustomBuild Include="debug\fancybanner.moc.cbt">
      <Filter>Generated Files</Filter>
    </CustomBuild>
    <CustomBuild Include="release\fancybanner.moc.cbt">
      <Filter>Generated Files</Filter>
    </CustomBuild>
    <CustomBuild Include="debug\fancybar.moc.cbt">
      <Filter>Generated Files</Filter>
    </CustomBuild>
    <CustomBuild Include="release\fancybar.moc.cbt">
      <Filter>Generated Files</Filter>
    </CustomBuild>
    <CustomBuild Include="debug\fancynavbar.moc.cbt">
      <Filter>Generated Files</Filter>
    </CustomBuild>
    <CustomBuild Include="release\fancynavbar.moc.cbt">
      <Filter>Generated Files</Filter>
    </CustomBuild>
    <CustomBuild Include="debug\fancytabbar.moc.cbt">
      <Filter>Generated Files</Filter>
    </CustomBuild>
    <CustomBuild Include="release\fancytabbar.moc.cbt">
      <Filter>Generated Files</Filter>
    </CustomBuild>
    <CustomBuild Include="debug\minicard.moc.cbt">
      <Filter>Generated Files</Filter>
    </CustomBuild>
    <CustomBuild Include="release\minicard.moc.cbt">
      <Filter>Generated Files</Filter>
    </CustomBuild>
    <CustomBuild Include="debug\ministack.moc.cbt">
      <Filter>Generated Files</Filter>
    </CustomBuild>
    <CustomBuild Include="release\ministack.moc.cbt">
      <Filter>Generated Files</Filter>
    </CustomBuild>
    <ClCompile Include="debug\moc_centralarea.cpp">
      <Filter>Generated Files</Filter>
    </ClCompile>
    <ClCompile Include="release\moc_centralarea.cpp">
      <Filter>Generated Files</Filter>
    </ClCompile>
    <ClCompile Include="debug\moc_fancybanner.cpp">
      <Filter>Generated Files</Filter>
    </ClCompile>
    <ClCompile Include="release\moc_fancybanner.cpp">
      <Filter>Generated Files</Filter>
    </ClCompile>
    <ClCompile Include="debug\moc_fancybar.cpp">
      <Filter>Generated Files</Filter>
    </ClCompile>
    <ClCompile Include="release\moc_fancybar.cpp">
      <Filter>Generated Files</Filter>
    </ClCompile>
    <ClCompile Include="debug\moc_fancybutton.cpp">
      <Filter>Generated Files</Filter>
    </ClCompile>
    <ClCompile Include="release\moc_fancybutton.cpp">
      <Filter>Generated Files</Filter>
    </ClCompile>
    <ClCompile Include="debug\moc_fancydialog.cpp">
      <Filter>Generated Files</Filter>
    </ClCompile>
    <ClCompile Include="release\moc_fancydialog.cpp">
      <Filter>Generated Files</Filter>
    </ClCompile>
    <ClCompile Include="debug\moc_fancynavbar.cpp">
      <Filter>Generated Files</Filter>
    </ClCompile>
    <ClCompile Include="release\moc_fancynavbar.cpp">
      <Filter>Generated Files</Filter>
    </ClCompile>
    <ClCompile Include="debug\moc_fancynavbutton.cpp">
      <Filter>Generated Files</Filter>
    </ClCompile>
    <ClCompile Include="release\moc_fancynavbutton.cpp">
      <Filter>Generated Files</Filter>
    </ClCompile>
    <ClCompile Include="debug\moc_fancytab.cpp">
      <Filter>Generated Files</Filter>
    </ClCompile>
    <ClCompile Include="release\moc_fancytab.cpp">
      <Filter>Generated Files</Filter>
    </ClCompile>
    <ClCompile Include="debug\moc_fancytabbar.cpp">
      <Filter>Generated Files</Filter>
    </ClCompile>
    <ClCompile Include="release\moc_fancytabbar.cpp">
      <Filter>Generated Files</Filter>
    </ClCompile>
    <ClCompile Include="debug\moc_fancytabwidget.cpp">
      <Filter>Generated Files</Filter>
    </ClCompile>
    <ClCompile Include="release\moc_fancytabwidget.cpp">
      <Filter>Generated Files</Filter>
    </ClCompile>
    <ClCompile Include="debug\moc_fancywindow.cpp">
      <Filter>Generated Files</Filter>
    </ClCompile>
    <ClCompile Include="release\moc_fancywindow.cpp">
      <Filter>Generated Files</Filter>
    </ClCompile>
    <ClCompile Include="debug\moc_imode.cpp">
      <Filter>Generated Files</Filter>
    </ClCompile>
    <ClCompile Include="release\moc_imode.cpp">
      <Filter>Generated Files</Filter>
    </ClCompile>
    <ClCompile Include="debug\moc_imodebar.cpp">
      <Filter>Generated Files</Filter>
    </ClCompile>
    <ClCompile Include="release\moc_imodebar.cpp">
      <Filter>Generated Files</Filter>
    </ClCompile>
    <ClCompile Include="debug\moc_imodebar_p.cpp">
      <Filter>Generated Files</Filter>
    </ClCompile>
    <ClCompile Include="release\moc_imodebar_p.cpp">
      <Filter>Generated Files</Filter>
    </ClCompile>
    <ClCompile Include="debug\moc_imodebutton.cpp">
      <Filter>Generated Files</Filter>
    </ClCompile>
    <ClCompile Include="release\moc_imodebutton.cpp">
      <Filter>Generated Files</Filter>
    </ClCompile>
    <ClCompile Include="debug\moc_minicard.cpp">
      <Filter>Generated Files</Filter>
    </ClCompile>
    <ClCompile Include="release\moc_minicard.cpp">
      <Filter>Generated Files</Filter>
    </ClCompile>
    <ClCompile Include="debug\moc_minisplitter.cpp">
      <Filter>Generated Files</Filter>
    </ClCompile>
    <ClCompile Include="release\moc_minisplitter.cpp">
      <Filter>Generated Files</Filter>
    </ClCompile>
    <ClCompile Include="debug\moc_ministack.cpp">
      <Filter>Generated Files</Filter>
    </ClCompile>
    <ClCompile Include="release\moc_ministack.cpp">
      <Filter>Generated Files</Filter>
    </ClCompile>
    <ClCompile Include="debug\moc_modemanager.cpp">
      <Filter>Generated Files</Filter>
    </ClCompile>
    <ClCompile Include="release\moc_modemanager.cpp">
      <Filter>Generated Files</Filter>
    </ClCompile>
    <ClCompile Include="debug\moc_pagesorter.cpp">
      <Filter>Generated Files</Filter>
    </ClCompile>
    <ClCompile Include="release\moc_pagesorter.cpp">
      <Filter>Generated Files</Filter>
    </ClCompile>
    <CustomBuild Include="debug\moc_predefs.h.cbt">
      <Filter>Generated Files</Filter>
    </CustomBuild>
    <CustomBuild Include="release\moc_predefs.h.cbt">
      <Filter>Generated Files</Filter>
    </CustomBuild>
    <ClCompile Include="debug\moc_quickaccessbar.cpp">
      <Filter>Generated Files</Filter>
    </ClCompile>
    <ClCompile Include="release\moc_quickaccessbar.cpp">
      <Filter>Generated Files</Filter>
    </ClCompile>
    <ClCompile Include="debug\moc_simplefilter.cpp">
      <Filter>Generated Files</Filter>
    </ClCompile>
    <ClCompile Include="release\moc_simplefilter.cpp">
      <Filter>Generated Files</Filter>
    </ClCompile>
    <ClCompile Include="debug\moc_skinitem.cpp">
      <Filter>Generated Files</Filter>
    </ClCompile>
    <ClCompile Include="release\moc_skinitem.cpp">
      <Filter>Generated Files</Filter>
    </ClCompile>
    <ClCompile Include="debug\moc_tinytabwidget.cpp">
      <Filter>Generated Files</Filter>
    </ClCompile>
    <ClCompile Include="release\moc_tinytabwidget.cpp">
      <Filter>Generated Files</Filter>
    </ClCompile>
    <CustomBuild Include="debug\modemanager.moc.cbt">
      <Filter>Generated Files</Filter>
    </CustomBuild>
    <CustomBuild Include="release\modemanager.moc.cbt">
      <Filter>Generated Files</Filter>
    </CustomBuild>
    <ClCompile Include="debug\qrc_qcanpool.cpp">
      <Filter>Generated Files</Filter>
    </ClCompile>
    <ClCompile Include="release\qrc_qcanpool.cpp">
      <Filter>Generated Files</Filter>
    </ClCompile>
    <ClCompile Include="..\..\shared\qtproject_pch.h.cpp">
      <Filter>Generated Files</Filter>
    </ClCompile>
    <CustomBuild Include="debug\quickaccessbar.moc.cbt">
      <Filter>Generated Files</Filter>
    </CustomBuild>
    <CustomBuild Include="release\quickaccessbar.moc.cbt">
      <Filter>Generated Files</Filter>
    </CustomBuild>
    <CustomBuild Include="debug\simplefilter.moc.cbt">
      <Filter>Generated Files</Filter>
    </CustomBuild>
    <CustomBuild Include="release\simplefilter.moc.cbt">
      <Filter>Generated Files</Filter>
    </CustomBuild>
    <CustomBuild Include="debug\tinytabwidget.moc.cbt">
      <Filter>Generated Files</Filter>
    </CustomBuild>
    <CustomBuild Include="release\tinytabwidget.moc.cbt">
      <Filter>Generated Files</Filter>
    </CustomBuild>
  </ItemGroup>
  <ItemGroup>
    <None Include="resource\qm\qcanpool_zh_CN.ts">
      <Filter>Translation Files</Filter>
    </None>
  </ItemGroup>
  <ItemGroup>
    <None Include="resource\skin\0.jpg">
      <Filter>Resource Files</Filter>
    </None>
    <None Include="resource\main\arrow.png">
      <Filter>Resource Files</Filter>
    </None>
    <None Include="resource\tools\arrow_down.png">
      <Filter>Resource Files</Filter>
    </None>
    <None Include="resource\tools\arrow_left.png">
      <Filter>Resource Files</Filter>
    </None>
    <None Include="resource\tools\arrow_right.png">
      <Filter>Resource Files</Filter>
    </None>
    <None Include="resource\tools\arrow_up.png">
      <Filter>Resource Files</Filter>
    </None>
    <None Include="resource\main\close.png">
      <Filter>Resource Files</Filter>
    </None>
    <None Include="resource\tools\close.png">
      <Filter>Resource Files</Filter>
    </None>
    <None Include="resource\main\close2.png">
      <Filter>Resource Files</Filter>
    </None>
    <None Include="resource\main\max.png">
      <Filter>Resource Files</Filter>
    </None>
    <None Include="resource\main\max2.png">
      <Filter>Resource Files</Filter>
    </None>
    <None Include="resource\tools\menu.png">
      <Filter>Resource Files</Filter>
    </None>
    <None Include="resource\main\min.png">
      <Filter>Resource Files</Filter>
    </None>
    <None Include="resource\main\min2.png">
      <Filter>Resource Files</Filter>
    </None>
    <CustomBuild Include="qcanpool.qrc">
      <Filter>Resource Files</Filter>
    </CustomBuild>
    <None Include="resource\main\restore.png">
      <Filter>Resource Files</Filter>
    </None>
    <None Include="resource\main\restore2.png">
      <Filter>Resource Files</Filter>
    </None>
    <None Include="resource\tools\setup.png">
      <Filter>Resource Files</Filter>
    </None>
    <None Include="resource\tools\sidebar.png">
      <Filter>Resource Files</Filter>
    </None>
    <None Include="resource\skin\state_ok.png">
      <Filter>Resource Files</Filter>
    </None>
  </ItemGroup>
  <ItemGroup>
    <ResourceCompile Include="qcanpoold_resource.rc" />
  </ItemGroup>
</Project>